
Microsoft Visual Studio Solution File, Format Version 12.00
# Visual Studio Version 17
VisualStudioVersion = 17.8.34330.188
MinimumVisualStudioVersion = 10.0.40219.1
Project("{FAE04EC0-301F-11D3-BF4B-00C04F79EFBC}") = "BankTransactions", "BankTransactions\BankTransactions.csproj", "{EC1C6520-504F-4181-9F14-069079FEE8EC}"
EndProject
Project("{2150E333-8FDC-42A3-9474-1A3956D46DE8}") = "Solution Items", "Solution Items", "{86AFDA60-E1DC-4D57-B10C-BEBD56AA5AEF}"
	ProjectSection(SolutionItems) = preProject
		.editorconfig = .editorconfig
	EndProjectSection
EndProject
Global
	GlobalSection(SolutionConfigurationPlatforms) = preSolution
		Debug|Any CPU = Debug|Any CPU
		Release|Any CPU = Release|Any CPU
	EndGlobalSection
	GlobalSection(ProjectConfigurationPlatforms) = postSolution
		{EC1C6520-504F-4181-9F14-069079FEE8EC}.Debug|Any CPU.ActiveCfg = Debug|Any CPU
		{EC1C6520-504F-4181-9F14-069079FEE8EC}.Debug|Any CPU.Build.0 = Debug|Any CPU
		{EC1C6520-504F-4181-9F14-069079FEE8EC}.Release|Any CPU.ActiveCfg = Release|Any CPU
		{EC1C6520-504F-4181-9F14-069079FEE8EC}.Release|Any CPU.Build.0 = Release|Any CPU
	EndGlobalSection
	GlobalSection(SolutionProperties) = preSolution
		HideSolutionNode = FALSE
	EndGlobalSection
	GlobalSection(ExtensibilityGlobals) = postSolution
		SolutionGuid = {231EEECD-EA1A-4844-858C-AA15AD212F75}
	EndGlobalSection
EndGlobal
